
Microsoft Visual Studio Solution File, Format Version 12.00
# Visual Studio Version 17
VisualStudioVersion = 17.3.32929.385
MinimumVisualStudioVersion = 10.0.40219.1
Project("{9A19103F-16F7-4668-BE54-9A1E7A4F7556}") = "EquacaoTerceiroGrau", "Equacao\EquacaoTerceiroGrau.csproj", "{5D70B016-D801-461F-A596-A810016B8C65}"
EndProject
Global
	GlobalSection(SolutionConfigurationPlatforms) = preSolution
		Debug|Any CPU = Debug|Any CPU
		Release|Any CPU = Release|Any CPU
	EndGlobalSection
	GlobalSection(ProjectConfigurationPlatforms) = postSolution
		{5D70B016-D801-461F-A596-A810016B8C65}.Debug|Any CPU.ActiveCfg = Debug|Any CPU
		{5D70B016-D801-461F-A596-A810016B8C65}.Debug|Any CPU.Build.0 = Debug|Any CPU
		{5D70B016-D801-461F-A596-A810016B8C65}.Release|Any CPU.ActiveCfg = Release|Any CPU
		{5D70B016-D801-461F-A596-A810016B8C65}.Release|Any CPU.Build.0 = Release|Any CPU
	EndGlobalSection
	GlobalSection(SolutionProperties) = preSolution
		HideSolutionNode = FALSE
	EndGlobalSection
	GlobalSection(ExtensibilityGlobals) = postSolution
		SolutionGuid = {E1CB0ED8-A185-4ECA-ADB4-3BED5CB63AFD}
	EndGlobalSection
EndGlobal
